
Microsoft Visual Studio Solution File, Format Version 12.00
# Visual Studio Version 17
VisualStudioVersion = 17.11.35208.52
MinimumVisualStudioVersion = 10.0.40219.1
Project("{9A19103F-16F7-4668-BE54-9A1E7A4F7556}") = "H.Necessaire.MQ.Abstractions", "H.Necessaire.MQ.Abstractions\H.Necessaire.MQ.Abstractions.csproj", "{212A70C8-15AB-4BA9-89B8-8DE98DAC3DBE}"
EndProject
Project("{9A19103F-16F7-4668-BE54-9A1E7A4F7556}") = "H.Necessaire.MQ.Core", "H.Necessaire.MQ.Core\H.Necessaire.MQ.Core.csproj", "{095CE4F7-E6F9-4A9C-9D16-A46AC342256A}"
EndProject
Project("{9A19103F-16F7-4668-BE54-9A1E7A4F7556}") = "H.Necessaire.MQ", "H.Necessaire.MQ\H.Necessaire.MQ.csproj", "{D25A81A5-6C7D-4271-9A4E-31BEA8FE844C}"
EndProject
Project("{2150E333-8FDC-42A3-9474-1A3956D46DE8}") = "Buses", "Buses", "{782A3B8A-E2BB-49B9-94EE-F3F55E08F6FC}"
EndProject
Project("{9A19103F-16F7-4668-BE54-9A1E7A4F7556}") = "H.Necessaire.MQ.Bus.AzureServiceBus", "Buses\H.Necessaire.MQ.Bus.AzureServiceBus\H.Necessaire.MQ.Bus.AzureServiceBus.csproj", "{DECB224E-BCEC-4C08-8075-395DECF9923E}"
EndProject
Project("{9A19103F-16F7-4668-BE54-9A1E7A4F7556}") = "H.Necessaire.MQ.Bus.FileSystem", "Buses\H.Necessaire.MQ.Bus.FileSystem\H.Necessaire.MQ.Bus.FileSystem.csproj", "{C5926B52-4552-412A-B662-E3ADDDE35F02}"
EndProject
Project("{9A19103F-16F7-4668-BE54-9A1E7A4F7556}") = "H.Necessaire.MQ.Bus.NamedPipe", "Buses\H.Necessaire.MQ.Bus.NamedPipe\H.Necessaire.MQ.Bus.NamedPipe.csproj", "{0A1FB0BD-7CA8-4F50-9619-AAD09C546313}"
EndProject
Project("{9A19103F-16F7-4668-BE54-9A1E7A4F7556}") = "H.Necessaire.MQ.Bus.RabbitOrLavinMQ", "Buses\H.Necessaire.MQ.Bus.RabbitOrLavinMQ\H.Necessaire.MQ.Bus.RabbitOrLavinMQ.csproj", "{2767C138-FCED-43F0-8D3D-ED356325366D}"
EndProject
Project("{9A19103F-16F7-4668-BE54-9A1E7A4F7556}") = "H.Necessaire.MQ.Bus.RavenDB", "Buses\H.Necessaire.MQ.Bus.RavenDB\H.Necessaire.MQ.Bus.RavenDB.csproj", "{5D32F4CC-48FA-409C-BD6D-04B5AF0A7D15}"
EndProject
Project("{2150E333-8FDC-42A3-9474-1A3956D46DE8}") = "Playground", "Playground", "{F29D397B-3115-41AF-9BFD-F7E6B052E172}"
EndProject
Project("{9A19103F-16F7-4668-BE54-9A1E7A4F7556}") = "H.Necessaire.MQ.Playground.AspNetPlay", "Playground\H.Necessaire.MQ.Playground.AspNetPlay\H.Necessaire.MQ.Playground.AspNetPlay.csproj", "{238FF630-3656-45BB-B577-6F2A16F3C8BB}"
EndProject
Project("{2150E333-8FDC-42A3-9474-1A3956D46DE8}") = "Work", "Work", "{44F8433D-4FF8-4744-B1AE-9BDA546E4FD5}"
	ProjectSection(SolutionItems) = preProject
		..\..\TODO.md = ..\..\TODO.md
	EndProjectSection
EndProject
Project("{2150E333-8FDC-42A3-9474-1A3956D46DE8}") = "Runtimes", "Runtimes", "{B19BD811-C539-4ADB-A76D-2CC7D163A0B8}"
EndProject
Project("{9A19103F-16F7-4668-BE54-9A1E7A4F7556}") = "H.Necessaire.MQ.Runtime.FileSystem", "Runtimes\H.Necessaire.MQ.Runtime.FileSystem\H.Necessaire.MQ.Runtime.FileSystem.csproj", "{F8185248-A376-4EDC-A400-3AC57033A0D6}"
EndProject
Project("{9A19103F-16F7-4668-BE54-9A1E7A4F7556}") = "H.Necessaire.MQ.Runtime.RavenDb", "Runtimes\H.Necessaire.MQ.Runtime.RavenDb\H.Necessaire.MQ.Runtime.RavenDb.csproj", "{06C8A579-B53D-4C30-87AC-AB92DC1E43D8}"
EndProject
Project("{9A19103F-16F7-4668-BE54-9A1E7A4F7556}") = "H.Necessaire.MQ.Runtime.SqlServer", "Runtimes\H.Necessaire.MQ.Runtime.SqlServer\H.Necessaire.MQ.Runtime.SqlServer.csproj", "{ACFDABEB-6EBA-4D36-9B80-E182BF028A1A}"
EndProject
Project("{9A19103F-16F7-4668-BE54-9A1E7A4F7556}") = "H.Necessaire.MQ.Runtime.Azure.CosmosDb", "Runtimes\H.Necessaire.MQ.Runtime.Azure.CosmosDb\H.Necessaire.MQ.Runtime.Azure.CosmosDb.csproj", "{22672532-0DE5-46A8-942E-7634E9FC7134}"
EndProject
Project("{9A19103F-16F7-4668-BE54-9A1E7A4F7556}") = "H.Necessaire.MQ.Runtime.Google.FirestoreDB", "Runtimes\H.Necessaire.MQ.Runtime.Google.FirestoreDB\H.Necessaire.MQ.Runtime.Google.FirestoreDB.csproj", "{A1AB6483-33DA-4B29-BA59-FD746BFD0664}"
EndProject
Project("{2150E333-8FDC-42A3-9474-1A3956D46DE8}") = "Tools", "Tools", "{6F8E8F20-462C-4880-BF0C-C239162AE3FA}"
EndProject
Project("{9A19103F-16F7-4668-BE54-9A1E7A4F7556}") = "H.Necessaire.MQ.CLI", "Tools\H.Necessaire.MQ.CLI\H.Necessaire.MQ.CLI.csproj", "{363828FF-B312-4DB0-AB94-0166200643BE}"
EndProject
Project("{2150E333-8FDC-42A3-9474-1A3956D46DE8}") = "Docs", "Docs", "{92B2EACD-A9F7-48E1-A6F4-FB52E70C9668}"
	ProjectSection(SolutionItems) = preProject
		..\..\README.md = ..\..\README.md
	EndProjectSection
EndProject
Project("{2150E333-8FDC-42A3-9474-1A3956D46DE8}") = "QdActions", "QdActions", "{D8DA6D7B-020A-4063-B2E8-504A86DF2006}"
EndProject
Project("{FAE04EC0-301F-11D3-BF4B-00C04F79EFBC}") = "H.Necessaire.MQ.Bus.QdActions.Commons", "Buses\QdActions\H.Necessaire.MQ.Bus.QdActions.Commons\H.Necessaire.MQ.Bus.QdActions.Commons.csproj", "{82240BB2-DAD0-43E2-A215-D69C19DF4BAB}"
EndProject
Global
	GlobalSection(SolutionConfigurationPlatforms) = preSolution
		Debug|Any CPU = Debug|Any CPU
		Release|Any CPU = Release|Any CPU
	EndGlobalSection
	GlobalSection(ProjectConfigurationPlatforms) = postSolution
		{212A70C8-15AB-4BA9-89B8-8DE98DAC3DBE}.Debug|Any CPU.ActiveCfg = Debug|Any CPU
		{212A70C8-15AB-4BA9-89B8-8DE98DAC3DBE}.Debug|Any CPU.Build.0 = Debug|Any CPU
		{212A70C8-15AB-4BA9-89B8-8DE98DAC3DBE}.Release|Any CPU.ActiveCfg = Release|Any CPU
		{212A70C8-15AB-4BA9-89B8-8DE98DAC3DBE}.Release|Any CPU.Build.0 = Release|Any CPU
		{095CE4F7-E6F9-4A9C-9D16-A46AC342256A}.Debug|Any CPU.ActiveCfg = Debug|Any CPU
		{095CE4F7-E6F9-4A9C-9D16-A46AC342256A}.Debug|Any CPU.Build.0 = Debug|Any CPU
		{095CE4F7-E6F9-4A9C-9D16-A46AC342256A}.Release|Any CPU.ActiveCfg = Release|Any CPU
		{095CE4F7-E6F9-4A9C-9D16-A46AC342256A}.Release|Any CPU.Build.0 = Release|Any CPU
		{D25A81A5-6C7D-4271-9A4E-31BEA8FE844C}.Debug|Any CPU.ActiveCfg = Debug|Any CPU
		{D25A81A5-6C7D-4271-9A4E-31BEA8FE844C}.Debug|Any CPU.Build.0 = Debug|Any CPU
		{D25A81A5-6C7D-4271-9A4E-31BEA8FE844C}.Release|Any CPU.ActiveCfg = Release|Any CPU
		{D25A81A5-6C7D-4271-9A4E-31BEA8FE844C}.Release|Any CPU.Build.0 = Release|Any CPU
		{DECB224E-BCEC-4C08-8075-395DECF9923E}.Debug|Any CPU.ActiveCfg = Debug|Any CPU
		{DECB224E-BCEC-4C08-8075-395DECF9923E}.Debug|Any CPU.Build.0 = Debug|Any CPU
		{DECB224E-BCEC-4C08-8075-395DECF9923E}.Release|Any CPU.ActiveCfg = Release|Any CPU
		{DECB224E-BCEC-4C08-8075-395DECF9923E}.Release|Any CPU.Build.0 = Release|Any CPU
		{C5926B52-4552-412A-B662-E3ADDDE35F02}.Debug|Any CPU.ActiveCfg = Debug|Any CPU
		{C5926B52-4552-412A-B662-E3ADDDE35F02}.Debug|Any CPU.Build.0 = Debug|Any CPU
		{C5926B52-4552-412A-B662-E3ADDDE35F02}.Release|Any CPU.ActiveCfg = Release|Any CPU
		{C5926B52-4552-412A-B662-E3ADDDE35F02}.Release|Any CPU.Build.0 = Release|Any CPU
		{0A1FB0BD-7CA8-4F50-9619-AAD09C546313}.Debug|Any CPU.ActiveCfg = Debug|Any CPU
		{0A1FB0BD-7CA8-4F50-9619-AAD09C546313}.Debug|Any CPU.Build.0 = Debug|Any CPU
		{0A1FB0BD-7CA8-4F50-9619-AAD09C546313}.Release|Any CPU.ActiveCfg = Release|Any CPU
		{0A1FB0BD-7CA8-4F50-9619-AAD09C546313}.Release|Any CPU.Build.0 = Release|Any CPU
		{2767C138-FCED-43F0-8D3D-ED356325366D}.Debug|Any CPU.ActiveCfg = Debug|Any CPU
		{2767C138-FCED-43F0-8D3D-ED356325366D}.Debug|Any CPU.Build.0 = Debug|Any CPU
		{2767C138-FCED-43F0-8D3D-ED356325366D}.Release|Any CPU.ActiveCfg = Release|Any CPU
		{2767C138-FCED-43F0-8D3D-ED356325366D}.Release|Any CPU.Build.0 = Release|Any CPU
		{5D32F4CC-48FA-409C-BD6D-04B5AF0A7D15}.Debug|Any CPU.ActiveCfg = Debug|Any CPU
		{5D32F4CC-48FA-409C-BD6D-04B5AF0A7D15}.Debug|Any CPU.Build.0 = Debug|Any CPU
		{5D32F4CC-48FA-409C-BD6D-04B5AF0A7D15}.Release|Any CPU.ActiveCfg = Release|Any CPU
		{5D32F4CC-48FA-409C-BD6D-04B5AF0A7D15}.Release|Any CPU.Build.0 = Release|Any CPU
		{238FF630-3656-45BB-B577-6F2A16F3C8BB}.Debug|Any CPU.ActiveCfg = Debug|Any CPU
		{238FF630-3656-45BB-B577-6F2A16F3C8BB}.Debug|Any CPU.Build.0 = Debug|Any CPU
		{238FF630-3656-45BB-B577-6F2A16F3C8BB}.Release|Any CPU.ActiveCfg = Release|Any CPU
		{238FF630-3656-45BB-B577-6F2A16F3C8BB}.Release|Any CPU.Build.0 = Release|Any CPU
		{F8185248-A376-4EDC-A400-3AC57033A0D6}.Debug|Any CPU.ActiveCfg = Debug|Any CPU
		{F8185248-A376-4EDC-A400-3AC57033A0D6}.Debug|Any CPU.Build.0 = Debug|Any CPU
		{F8185248-A376-4EDC-A400-3AC57033A0D6}.Release|Any CPU.ActiveCfg = Release|Any CPU
		{F8185248-A376-4EDC-A400-3AC57033A0D6}.Release|Any CPU.Build.0 = Release|Any CPU
		{06C8A579-B53D-4C30-87AC-AB92DC1E43D8}.Debug|Any CPU.ActiveCfg = Debug|Any CPU
		{06C8A579-B53D-4C30-87AC-AB92DC1E43D8}.Debug|Any CPU.Build.0 = Debug|Any CPU
		{06C8A579-B53D-4C30-87AC-AB92DC1E43D8}.Release|Any CPU.ActiveCfg = Release|Any CPU
		{06C8A579-B53D-4C30-87AC-AB92DC1E43D8}.Release|Any CPU.Build.0 = Release|Any CPU
		{ACFDABEB-6EBA-4D36-9B80-E182BF028A1A}.Debug|Any CPU.ActiveCfg = Debug|Any CPU
		{ACFDABEB-6EBA-4D36-9B80-E182BF028A1A}.Debug|Any CPU.Build.0 = Debug|Any CPU
		{ACFDABEB-6EBA-4D36-9B80-E182BF028A1A}.Release|Any CPU.ActiveCfg = Release|Any CPU
		{ACFDABEB-6EBA-4D36-9B80-E182BF028A1A}.Release|Any CPU.Build.0 = Release|Any CPU
		{22672532-0DE5-46A8-942E-7634E9FC7134}.Debug|Any CPU.ActiveCfg = Debug|Any CPU
		{22672532-0DE5-46A8-942E-7634E9FC7134}.Debug|Any CPU.Build.0 = Debug|Any CPU
		{22672532-0DE5-46A8-942E-7634E9FC7134}.Release|Any CPU.ActiveCfg = Release|Any CPU
		{22672532-0DE5-46A8-942E-7634E9FC7134}.Release|Any CPU.Build.0 = Release|Any CPU
		{A1AB6483-33DA-4B29-BA59-FD746BFD0664}.Debug|Any CPU.ActiveCfg = Debug|Any CPU
		{A1AB6483-33DA-4B29-BA59-FD746BFD0664}.Debug|Any CPU.Build.0 = Debug|Any CPU
		{A1AB6483-33DA-4B29-BA59-FD746BFD0664}.Release|Any CPU.ActiveCfg = Release|Any CPU
		{A1AB6483-33DA-4B29-BA59-FD746BFD0664}.Release|Any CPU.Build.0 = Release|Any CPU
		{363828FF-B312-4DB0-AB94-0166200643BE}.Debug|Any CPU.ActiveCfg = Debug|Any CPU
		{363828FF-B312-4DB0-AB94-0166200643BE}.Debug|Any CPU.Build.0 = Debug|Any CPU
		{363828FF-B312-4DB0-AB94-0166200643BE}.Release|Any CPU.ActiveCfg = Release|Any CPU
		{363828FF-B312-4DB0-AB94-0166200643BE}.Release|Any CPU.Build.0 = Release|Any CPU
		{82240BB2-DAD0-43E2-A215-D69C19DF4BAB}.Debug|Any CPU.ActiveCfg = Debug|Any CPU
		{82240BB2-DAD0-43E2-A215-D69C19DF4BAB}.Debug|Any CPU.Build.0 = Debug|Any CPU
		{82240BB2-DAD0-43E2-A215-D69C19DF4BAB}.Release|Any CPU.ActiveCfg = Release|Any CPU
		{82240BB2-DAD0-43E2-A215-D69C19DF4BAB}.Release|Any CPU.Build.0 = Release|Any CPU
	EndGlobalSection
	GlobalSection(SolutionProperties) = preSolution
		HideSolutionNode = FALSE
	EndGlobalSection
	GlobalSection(NestedProjects) = preSolution
		{DECB224E-BCEC-4C08-8075-395DECF9923E} = {782A3B8A-E2BB-49B9-94EE-F3F55E08F6FC}
		{C5926B52-4552-412A-B662-E3ADDDE35F02} = {782A3B8A-E2BB-49B9-94EE-F3F55E08F6FC}
		{0A1FB0BD-7CA8-4F50-9619-AAD09C546313} = {782A3B8A-E2BB-49B9-94EE-F3F55E08F6FC}
		{2767C138-FCED-43F0-8D3D-ED356325366D} = {782A3B8A-E2BB-49B9-94EE-F3F55E08F6FC}
		{5D32F4CC-48FA-409C-BD6D-04B5AF0A7D15} = {782A3B8A-E2BB-49B9-94EE-F3F55E08F6FC}
		{238FF630-3656-45BB-B577-6F2A16F3C8BB} = {F29D397B-3115-41AF-9BFD-F7E6B052E172}
		{F8185248-A376-4EDC-A400-3AC57033A0D6} = {B19BD811-C539-4ADB-A76D-2CC7D163A0B8}
		{06C8A579-B53D-4C30-87AC-AB92DC1E43D8} = {B19BD811-C539-4ADB-A76D-2CC7D163A0B8}
		{ACFDABEB-6EBA-4D36-9B80-E182BF028A1A} = {B19BD811-C539-4ADB-A76D-2CC7D163A0B8}
		{22672532-0DE5-46A8-942E-7634E9FC7134} = {B19BD811-C539-4ADB-A76D-2CC7D163A0B8}
		{A1AB6483-33DA-4B29-BA59-FD746BFD0664} = {B19BD811-C539-4ADB-A76D-2CC7D163A0B8}
		{363828FF-B312-4DB0-AB94-0166200643BE} = {6F8E8F20-462C-4880-BF0C-C239162AE3FA}
		{D8DA6D7B-020A-4063-B2E8-504A86DF2006} = {782A3B8A-E2BB-49B9-94EE-F3F55E08F6FC}
		{82240BB2-DAD0-43E2-A215-D69C19DF4BAB} = {D8DA6D7B-020A-4063-B2E8-504A86DF2006}
	EndGlobalSection
	GlobalSection(ExtensibilityGlobals) = postSolution
		SolutionGuid = {86B5D42A-5240-4126-BE8F-AA6797B0BEDD}
	EndGlobalSection
EndGlobal
